
Microsoft Visual Studio Solution File, Format Version 12.00
# Visual Studio 14
VisualStudioVersion = 14.0.23107.0
MinimumVisualStudioVersion = 10.0.40219.1
Project("{2150E333-8FDC-42A3-9474-1A3956D46DE8}") = "src", "src", "{4EAF8148-B0F3-4AC0-8F12-C6363AAFB74E}"
EndProject
Project("{2150E333-8FDC-42A3-9474-1A3956D46DE8}") = "Solution Items", "Solution Items", "{581CE196-43BC-40FE-842A-80FF034CBB37}"
	ProjectSection(SolutionItems) = preProject
		global.json = global.json
	EndProjectSection
EndProject
Project("{8BB2217D-0F2D-49D1-97BC-3654ED321F3B}") = "GE", "src\GE\GE.xproj", "{EAFE8B44-3A1B-4236-AC4B-77577D6DC124}"
EndProject
Global
	GlobalSection(SolutionConfigurationPlatforms) = preSolution
		Debug|Any CPU = Debug|Any CPU
		Release|Any CPU = Release|Any CPU
	EndGlobalSection
	GlobalSection(ProjectConfigurationPlatforms) = postSolution
		{EAFE8B44-3A1B-4236-AC4B-77577D6DC124}.Debug|Any CPU.ActiveCfg = Debug|Any CPU
		{EAFE8B44-3A1B-4236-AC4B-77577D6DC124}.Debug|Any CPU.Build.0 = Debug|Any CPU
		{EAFE8B44-3A1B-4236-AC4B-77577D6DC124}.Release|Any CPU.ActiveCfg = Release|Any CPU
		{EAFE8B44-3A1B-4236-AC4B-77577D6DC124}.Release|Any CPU.Build.0 = Release|Any CPU
	EndGlobalSection
	GlobalSection(SolutionProperties) = preSolution
		HideSolutionNode = FALSE
	EndGlobalSection
	GlobalSection(NestedProjects) = preSolution
		{EAFE8B44-3A1B-4236-AC4B-77577D6DC124} = {4EAF8148-B0F3-4AC0-8F12-C6363AAFB74E}
	EndGlobalSection
EndGlobal
